// !$*UTF8*$!
{
	archiveVersion = 1;
	classes = {
	};
	objectVersion = 50;
	objects = {

/* Begin PBXBuildFile section */
		4B5BC7C520BE416E0075220E /* RatingControl.swift in Sources */ = {isa = PBXBuildFile; fileRef = 4B5BC7C420BE416E0075220E /* RatingControl.swift */; };
		4BAB544820BBCF0900455464 /* AppDelegate.swift in Sources */ = {isa = PBXBuildFile; fileRef = 4BAB544720BBCF0900455464 /* AppDelegate.swift */; };
		4BAB544A20BBCF0900455464 /* ViewController.swift in Sources */ = {isa = PBXBuildFile; fileRef = 4BAB544920BBCF0900455464 /* ViewController.swift */; };
		4BAB544D20BBCF0900455464 /* Main.storyboard in Resources */ = {isa = PBXBuildFile; fileRef = 4BAB544B20BBCF0900455464 /* Main.storyboard */; };
		4BAB544F20BBCF0B00455464 /* Assets.xcassets in Resources */ = {isa = PBXBuildFile; fileRef = 4BAB544E20BBCF0B00455464 /* Assets.xcassets */; };
		4BAB545220BBCF0B00455464 /* LaunchScreen.storyboard in Resources */ = {isa = PBXBuildFile; fileRef = 4BAB545020BBCF0B00455464 /* LaunchScreen.storyboard */; };
		4BAB545D20BBCF0B00455464 /* FoodTrackerTests.swift in Sources */ = {isa = PBXBuildFile; fileRef = 4BAB545C20BBCF0B00455464 /* FoodTrackerTests.swift */; };
		4BAB546820BBCF0B00455464 /* FoodTrackerUITests.swift in Sources */ = {isa = PBXBuildFile; fileRef = 4BAB546720BBCF0B00455464 /* FoodTrackerUITests.swift */; };
/* End PBXBuildFile section */

/* Begin PBXContainerItemProxy section */
		4BAB545920BBCF0B00455464 /* PBXContainerItemProxy */ = {
			isa = PBXContainerItemProxy;
			containerPortal = 4BAB543C20BBCF0900455464 /* Project object */;
			proxyType = 1;
			remoteGlobalIDString = 4BAB544320BBCF0900455464;
			remoteInfo = FoodTracker;
		};
		4BAB546420BBCF0B00455464 /* PBXContainerItemProxy */ = {
			isa = PBXContainerItemProxy;
			containerPortal = 4BAB543C20BBCF0900455464 /* Project object */;
			proxyType = 1;
			remoteGlobalIDString = 4BAB544320BBCF0900455464;
			remoteInfo = FoodTracker;
		};
/* End PBXContainerItemProxy section */

/* Begin PBXFileReference section */
		4B5BC7C420BE416E0075220E /* RatingControl.swift */ = {isa = PBXFileReference; lastKnownFileType = sourcecode.swift; path = RatingControl.swift; sourceTree = "<group>"; };
		4BAB544420BBCF0900455464 /* FoodTracker.app */ = {isa = PBXFileReference; explicitFileType = wrapper.application; includeInIndex = 0; path = FoodTracker.app; sourceTree = BUILT_PRODUCTS_DIR; };
		4BAB544720BBCF0900455464 /* AppDelegate.swift */ = {isa = PBXFileReference; lastKnownFileType = sourcecode.swift; path = AppDelegate.swift; sourceTree = "<group>"; };
		4BAB544920BBCF0900455464 /* ViewController.swift */ = {isa = PBXFileReference; lastKnownFileType = sourcecode.swift; path = ViewController.swift; sourceTree = "<group>"; };
		4BAB544C20BBCF0900455464 /* Base */ = {isa = PBXFileReference; lastKnownFileType = file.storyboard; name = Base; path = Base.lproj/Main.storyboard; sourceTree = "<group>"; };
		4BAB544E20BBCF0B00455464 /* Assets.xcassets */ = {isa = PBXFileReference; lastKnownFileType = folder.assetcatalog; path = Assets.xcassets; sourceTree = "<group>"; };
		4BAB545120BBCF0B00455464 /* Base */ = {isa = PBXFileReference; lastKnownFileType = file.storyboard; name = Base; path = Base.lproj/LaunchScreen.storyboard; sourceTree = "<group>"; };
		4BAB545320BBCF0B00455464 /* Info.plist */ = {isa = PBXFileReference; lastKnownFileType = text.plist.xml; path = Info.plist; sourceTree = "<group>"; };
		4BAB545820BBCF0B00455464 /* FoodTrackerTests.xctest */ = {isa = PBXFileReference; explicitFileType = wrapper.cfbundle; includeInIndex = 0; path = FoodTrackerTests.xctest; sourceTree = BUILT_PRODUCTS_DIR; };
		4BAB545C20BBCF0B00455464 /* FoodTrackerTests.swift */ = {isa = PBXFileReference; lastKnownFileType = sourcecode.swift; path = FoodTrackerTests.swift; sourceTree = "<group>"; };
		4BAB545E20BBCF0B00455464 /* Info.plist */ = {isa = PBXFileReference; lastKnownFileType = text.plist.xml; path = Info.plist; sourceTree = "<group>"; };
		4BAB546320BBCF0B00455464 /* FoodTrackerUITests.xctest */ = {isa = PBXFileReference; explicitFileType = wrapper.cfbundle; includeInIndex = 0; path = FoodTrackerUITests.xctest; sourceTree = BUILT_PRODUCTS_DIR; };
		4BAB546720BBCF0B00455464 /* FoodTrackerUITests.swift */ = {isa = PBXFileReference; lastKnownFileType = sourcecode.swift; path = FoodTrackerUITests.swift; sourceTree = "<group>"; };
		4BAB546920BBCF0B00455464 /* Info.plist */ = {isa = PBXFileReference; lastKnownFileType = text.plist.xml; path = Info.plist; sourceTree = "<group>"; };
/* End PBXFileReference section */

/* Begin PBXFrameworksBuildPhase section */
		4BAB544120BBCF0900455464 /* Frameworks */ = {
			isa = PBXFrameworksBuildPhase;
			buildActionMask = 2147483647;
			files = (
			);
			runOnlyForDeploymentPostprocessing = 0;
		};
		4BAB545520BBCF0B00455464 /* Frameworks */ = {
			isa = PBXFrameworksBuildPhase;
			buildActionMask = 2147483647;
			files = (
			);
			runOnlyForDeploymentPostprocessing = 0;
		};
		4BAB546020BBCF0B00455464 /* Frameworks */ = {
			isa = PBXFrameworksBuildPhase;
			buildActionMask = 2147483647;
			files = (
			);
			runOnlyForDeploymentPostprocessing = 0;
		};
/* End PBXFrameworksBuildPhase section */

/* Begin PBXGroup section */
		4BAB543B20BBCF0900455464 = {
			isa = PBXGroup;
			children = (
				4BAB544620BBCF0900455464 /* FoodTracker */,
				4BAB545B20BBCF0B00455464 /* FoodTrackerTests */,
				4BAB546620BBCF0B00455464 /* FoodTrackerUITests */,
				4BAB544520BBCF0900455464 /* Products */,
			);
			sourceTree = "<group>";
		};
		4BAB544520BBCF0900455464 /* Products */ = {
			isa = PBXGroup;
			children = (
				4BAB544420BBCF0900455464 /* FoodTracker.app */,
				4BAB545820BBCF0B00455464 /* FoodTrackerTests.xctest */,
				4BAB546320BBCF0B00455464 /* FoodTrackerUITests.xctest */,
			);
			name = Products;
			sourceTree = "<group>";
		};
		4BAB544620BBCF0900455464 /* FoodTracker */ = {
			isa = PBXGroup;
			children = (
				4BAB544720BBCF0900455464 /* AppDelegate.swift */,
				4BAB544920BBCF0900455464 /* ViewController.swift */,
				4BAB544B20BBCF0900455464 /* Main.storyboard */,
				4B5BC7C420BE416E0075220E /* RatingControl.swift */,
				4BAB544E20BBCF0B00455464 /* Assets.xcassets */,
				4BAB545020BBCF0B00455464 /* LaunchScreen.storyboard */,
				4BAB545320BBCF0B00455464 /* Info.plist */,
			);
			path = FoodTracker;
			sourceTree = "<group>";
		};
		4BAB545B20BBCF0B00455464 /* FoodTrackerTests */ = {
			isa = PBXGroup;
			children = (
				4BAB545C20BBCF0B00455464 /* FoodTrackerTests.swift */,
				4BAB545E20BBCF0B00455464 /* Info.plist */,
			);
			path = FoodTrackerTests;
			sourceTree = "<group>";
		};
		4BAB546620BBCF0B00455464 /* FoodTrackerUITests */ = {
			isa = PBXGroup;
			children = (
				4BAB546720BBCF0B00455464 /* FoodTrackerUITests.swift */,
				4BAB546920BBCF0B00455464 /* Info.plist */,
			);
			path = FoodTrackerUITests;
			sourceTree = "<group>";
		};
/* End PBXGroup section */

/* Begin PBXNativeTarget section */
		4BAB544320BBCF0900455464 /* FoodTracker */ = {
			isa = PBXNativeTarget;
			buildConfigurationList = 4BAB546C20BBCF0B00455464 /* Build configuration list for PBXNativeTarget "FoodTracker" */;
			buildPhases = (
				4BAB544020BBCF0900455464 /* Sources */,
				4BAB544120BBCF0900455464 /* Frameworks */,
				4BAB544220BBCF0900455464 /* Resources */,
			);
			buildRules = (
			);
			dependencies = (
			);
			name = FoodTracker;
			productName = FoodTracker;
			productReference = 4BAB544420BBCF0900455464 /* FoodTracker.app */;
			productType = "com.apple.product-type.application";
		};
		4BAB545720BBCF0B00455464 /* FoodTrackerTests */ = {
			isa = PBXNativeTarget;
			buildConfigurationList = 4BAB546F20BBCF0B00455464 /* Build configuration list for PBXNativeTarget "FoodTrackerTests" */;
			buildPhases = (
				4BAB545420BBCF0B00455464 /* Sources */,
				4BAB545520BBCF0B00455464 /* Frameworks */,
				4BAB545620BBCF0B00455464 /* Resources */,
			);
			buildRules = (
			);
			dependencies = (
				4BAB545A20BBCF0B00455464 /* PBXTargetDependency */,
			);
			name = FoodTrackerTests;
			productName = FoodTrackerTests;
			productReference = 4BAB545820BBCF0B00455464 /* FoodTrackerTests.xctest */;
			productType = "com.apple.product-type.bundle.unit-test";
		};
		4BAB546220BBCF0B00455464 /* FoodTrackerUITests */ = {
			isa = PBXNativeTarget;
			buildConfigurationList = 4BAB547220BBCF0B00455464 /* Build configuration list for PBXNativeTarget "FoodTrackerUITests" */;
			buildPhases = (
				4BAB545F20BBCF0B00455464 /* Sources */,
				4BAB546020BBCF0B00455464 /* Frameworks */,
				4BAB546120BBCF0B00455464 /* Resources */,
			);
			buildRules = (
			);
			dependencies = (
				4BAB546520BBCF0B00455464 /* PBXTargetDependency */,
			);
			name = FoodTrackerUITests;
			productName = FoodTrackerUITests;
			productReference = 4BAB546320BBCF0B00455464 /* FoodTrackerUITests.xctest */;
			productType = "com.apple.product-type.bundle.ui-testing";
		};
/* End PBXNativeTarget section */

/* Begin PBXProject section */
		4BAB543C20BBCF0900455464 /* Project object */ = {
			isa = PBXProject;
			attributes = {
				LastSwiftUpdateCheck = 0930;
				LastUpgradeCheck = 0930;
				ORGANIZATIONNAME = "Andrew Phommathep";
				TargetAttributes = {
					4BAB544320BBCF0900455464 = {
						CreatedOnToolsVersion = 9.3.1;
					};
					4BAB545720BBCF0B00455464 = {
						CreatedOnToolsVersion = 9.3.1;
						TestTargetID = 4BAB544320BBCF0900455464;
					};
					4BAB546220BBCF0B00455464 = {
						CreatedOnToolsVersion = 9.3.1;
						TestTargetID = 4BAB544320BBCF0900455464;
					};
				};
			};
			buildConfigurationList = 4BAB543F20BBCF0900455464 /* Build configuration list for PBXProject "FoodTracker" */;
			compatibilityVersion = "Xcode 9.3";
			developmentRegion = en;
			hasScannedForEncodings = 0;
			knownRegions = (
				en,
				Base,
			);
			mainGroup = 4BAB543B20BBCF0900455464;
			productRefGroup = 4BAB544520BBCF0900455464 /* Products */;
			projectDirPath = "";
			projectRoot = "";
			targets = (
				4BAB544320BBCF0900455464 /* FoodTracker */,
				4BAB545720BBCF0B00455464 /* FoodTrackerTests */,
				4BAB546220BBCF0B00455464 /* FoodTrackerUITests */,
			);
		};
/* End PBXProject section */

/* Begin PBXResourcesBuildPhase section */
		4BAB544220BBCF0900455464 /* Resources */ = {
			isa = PBXResourcesBuildPhase;
			buildActionMask = 2147483647;
			files = (
				4BAB545220BBCF0B00455464 /* LaunchScreen.storyboard in Resources */,
				4BAB544F20BBCF0B00455464 /* Assets.xcassets in Resources */,
				4BAB544D20BBCF0900455464 /* Main.storyboard in Resources */,
			);
			runOnlyForDeploymentPostprocessing = 0;
		};
		4BAB545620BBCF0B00455464 /* Resources */ = {
			isa = PBXResourcesBuildPhase;
			buildActionMask = 2147483647;
			files = (
			);
			runOnlyForDeploymentPostprocessing = 0;
		};
		4BAB546120BBCF0B00455464 /* Resources */ = {
			isa = PBXResourcesBuildPhase;
			buildActionMask = 2147483647;
			files = (
			);
			runOnlyForDeploymentPostprocessing = 0;
		};
/* End PBXResourcesBuildPhase section */

/* Begin PBXSourcesBuildPhase section */
		4BAB544020BBCF0900455464 /* Sources */ = {
			isa = PBXSourcesBuildPhase;
			buildActionMask = 2147483647;
			files = (
				4BAB544A20BBCF0900455464 /* ViewController.swift in Sources */,
				4B5BC7C520BE416E0075220E /* RatingControl.swift in Sources */,
				4BAB544820BBCF0900455464 /* AppDelegate.swift in Sources */,
			);
			runOnlyForDeploymentPostprocessing = 0;
		};
		4BAB545420BBCF0B00455464 /* Sources */ = {
			isa = PBXSourcesBuildPhase;
			buildActionMask = 2147483647;
			files = (
				4BAB545D20BBCF0B00455464 /* FoodTrackerTests.swift in Sources */,
			);
			runOnlyForDeploymentPostprocessing = 0;
		};
		4BAB545F20BBCF0B00455464 /* Sources */ = {
			isa = PBXSourcesBuildPhase;
			buildActionMask = 2147483647;
			files = (
				4BAB546820BBCF0B00455464 /* FoodTrackerUITests.swift in Sources */,
			);
			runOnlyForDeploymentPostprocessing = 0;
		};
/* End PBXSourcesBuildPhase section */

/* Begin PBXTargetDependency section */
		4BAB545A20BBCF0B00455464 /* PBXTargetDependency */ = {
			isa = PBXTargetDependency;
			target = 4BAB544320BBCF0900455464 /* FoodTracker */;
			targetProxy = 4BAB545920BBCF0B00455464 /* PBXContainerItemProxy */;
		};
		4BAB546520BBCF0B00455464 /* PBXTargetDependency */ = {
			isa = PBXTargetDependency;
			target = 4BAB544320BBCF0900455464 /* FoodTracker */;
			targetProxy = 4BAB546420BBCF0B00455464 /* PBXContainerItemProxy */;
		};
/* End PBXTargetDependency section */

/* Begin PBXVariantGroup section */
		4BAB544B20BBCF0900455464 /* Main.storyboard */ = {
			isa = PBXVariantGroup;
			children = (
				4BAB544C20BBCF0900455464 /* Base */,
			);
			name = Main.storyboard;
			sourceTree = "<group>";
		};
		4BAB545020BBCF0B00455464 /* LaunchScreen.storyboard */ = {
			isa = PBXVariantGroup;
			children = (
				4BAB545120BBCF0B00455464 /* Base */,
			);
			name = LaunchScreen.storyboard;
			sourceTree = "<group>";
		};
/* End PBXVariantGroup section */

/* Begin XCBuildConfiguration section */
		4BAB546A20BBCF0B00455464 /* Debug */ = {
			isa = XCBuildConfiguration;
			buildSettings = {
				ALWAYS_SEARCH_USER_PATHS = NO;
				CLANG_ANALYZER_NONNULL = YES;
				CLANG_ANALYZER_NUMBER_OBJECT_CONVERSION = YES_AGGRESSIVE;
				CLANG_CXX_LANGUAGE_STANDARD = "gnu++14";
				CLANG_CXX_LIBRARY = "libc++";
				CLANG_ENABLE_MODULES = YES;
				CLANG_ENABLE_OBJC_ARC = YES;
				CLANG_ENABLE_OBJC_WEAK = YES;
				CLANG_WARN_BLOCK_CAPTURE_AUTORELEASING = YES;
				CLANG_WARN_BOOL_CONVERSION = YES;
				CLANG_WARN_COMMA = YES;
				CLANG_WARN_CONSTANT_CONVERSION = YES;
				CLANG_WARN_DEPRECATED_OBJC_IMPLEMENTATIONS = YES;
				CLANG_WARN_DIRECT_OBJC_ISA_USAGE = YES_ERROR;
				CLANG_WARN_DOCUMENTATION_COMMENTS = YES;
				CLANG_WARN_EMPTY_BODY = YES;
				CLANG_WARN_ENUM_CONVERSION = YES;
				CLANG_WARN_INFINITE_RECURSION = YES;
				CLANG_WARN_INT_CONVERSION = YES;
				CLANG_WARN_NON_LITERAL_NULL_CONVERSION = YES;
				CLANG_WARN_OBJC_IMPLICIT_RETAIN_SELF = YES;
				CLANG_WARN_OBJC_LITERAL_CONVERSION = YES;
				CLANG_WARN_OBJC_ROOT_CLASS = YES_ERROR;
				CLANG_WARN_RANGE_LOOP_ANALYSIS = YES;
				CLANG_WARN_STRICT_PROTOTYPES = YES;
				CLANG_WARN_SUSPICIOUS_MOVE = YES;
				CLANG_WARN_UNGUARDED_AVAILABILITY = YES_AGGRESSIVE;
				CLANG_WARN_UNREACHABLE_CODE = YES;
				CLANG_WARN__DUPLICATE_METHOD_MATCH = YES;
				CODE_SIGN_IDENTITY = "iPhone Developer";
				COPY_PHASE_STRIP = NO;
				DEBUG_INFORMATION_FORMAT = dwarf;
				ENABLE_STRICT_OBJC_MSGSEND = YES;
				ENABLE_TESTABILITY = YES;
				GCC_C_LANGUAGE_STANDARD = gnu11;
				GCC_DYNAMIC_NO_PIC = NO;
				GCC_NO_COMMON_BLOCKS = YES;
				GCC_OPTIMIZATION_LEVEL = 0;
				GCC_PREPROCESSOR_DEFINITIONS = (
					"DEBUG=1",
					"$(inherited)",
				);
				GCC_WARN_64_TO_32_BIT_CONVERSION = YES;
				GCC_WARN_ABOUT_RETURN_TYPE = YES_ERROR;
				GCC_WARN_UNDECLARED_SELECTOR = YES;
				GCC_WARN_UNINITIALIZED_AUTOS = YES_AGGRESSIVE;
				GCC_WARN_UNUSED_FUNCTION = YES;
				GCC_WARN_UNUSED_VARIABLE = YES;
				IPHONEOS_DEPLOYMENT_TARGET = 11.3;
				MTL_ENABLE_DEBUG_INFO = YES;
				ONLY_ACTIVE_ARCH = YES;
				SDKROOT = iphoneos;
				SWIFT_ACTIVE_COMPILATION_CONDITIONS = DEBUG;
				SWIFT_OPTIMIZATION_LEVEL = "-Onone";
			};
			name = Debug;
		};
		4BAB546B20BBCF0B00455464 /* Release */ = {
			isa = XCBuildConfiguration;
			buildSettings = {
				ALWAYS_SEARCH_USER_PATHS = NO;
				CLANG_ANALYZER_NONNULL = YES;
				CLANG_ANALYZER_NUMBER_OBJECT_CONVERSION = YES_AGGRESSIVE;
				CLANG_CXX_LANGUAGE_STANDARD = "gnu++14";
				CLANG_CXX_LIBRARY = "libc++";
				CLANG_ENABLE_MODULES = YES;
				CLANG_ENABLE_OBJC_ARC = YES;
				CLANG_ENABLE_OBJC_WEAK = YES;
				CLANG_WARN_BLOCK_CAPTURE_AUTORELEASING = YES;
				CLANG_WARN_BOOL_CONVERSION = YES;
				CLANG_WARN_COMMA = YES;
				CLANG_WARN_CONSTANT_CONVERSION = YES;
				CLANG_WARN_DEPRECATED_OBJC_IMPLEMENTATIONS = YES;
				CLANG_WARN_DIRECT_OBJC_ISA_USAGE = YES_ERROR;
				CLANG_WARN_DOCUMENTATION_COMMENTS = YES;
				CLANG_WARN_EMPTY_BODY = YES;
				CLANG_WARN_ENUM_CONVERSION = YES;
				CLANG_WARN_INFINITE_RECURSION = YES;
				CLANG_WARN_INT_CONVERSION = YES;
				CLANG_WARN_NON_LITERAL_NULL_CONVERSION = YES;
				CLANG_WARN_OBJC_IMPLICIT_RETAIN_SELF = YES;
				CLANG_WARN_OBJC_LITERAL_CONVERSION = YES;
				CLANG_WARN_OBJC_ROOT_CLASS = YES_ERROR;
				CLANG_WARN_RANGE_LOOP_ANALYSIS = YES;
				CLANG_WARN_STRICT_PROTOTYPES = YES;
				CLANG_WARN_SUSPICIOUS_MOVE = YES;
				CLANG_WARN_UNGUARDED_AVAILABILITY = YES_AGGRESSIVE;
				CLANG_WARN_UNREACHABLE_CODE = YES;
				CLANG_WARN__DUPLICATE_METHOD_MATCH = YES;
				CODE_SIGN_IDENTITY = "iPhone Developer";
				COPY_PHASE_STRIP = NO;
				DEBUG_INFORMATION_FORMAT = "dwarf-with-dsym";
				ENABLE_NS_ASSERTIONS = NO;
				ENABLE_STRICT_OBJC_MSGSEND = YES;
				GCC_C_LANGUAGE_STANDARD = gnu11;
				GCC_NO_COMMON_BLOCKS = YES;
				GCC_WARN_64_TO_32_BIT_CONVERSION = YES;
				GCC_WARN_ABOUT_RETURN_TYPE = YES_ERROR;
				GCC_WARN_UNDECLARED_SELECTOR = YES;
				GCC_WARN_UNINITIALIZED_AUTOS = YES_AGGRESSIVE;
				GCC_WARN_UNUSED_FUNCTION = YES;
				GCC_WARN_UNUSED_VARIABLE = YES;
				IPHONEOS_DEPLOYMENT_TARGET = 11.3;
				MTL_ENABLE_DEBUG_INFO = NO;
				SDKROOT = iphoneos;
				SWIFT_COMPILATION_MODE = wholemodule;
				SWIFT_OPTIMIZATION_LEVEL = "-O";
				VALIDATE_PRODUCT = YES;
			};
			name = Release;
		};
		4BAB546D20BBCF0B00455464 /* Debug */ = {
			isa = XCBuildConfiguration;
			buildSettings = {
				ASSETCATALOG_COMPILER_APPICON_NAME = AppIcon;
				CODE_SIGN_STYLE = Automatic;
				DEVELOPMENT_TEAM = J3FQ9YEGF3;
				INFOPLIST_FILE = FoodTracker/Info.plist;
				LD_RUNPATH_SEARCH_PATHS = (
					"$(inherited)",
					"@executable_path/Frameworks",
				);
				PRODUCT_BUNDLE_IDENTIFIER = "com-andrew.FoodTracker";
				PRODUCT_NAME = "$(TARGET_NAME)";
				SWIFT_VERSION = 4.0;
				TARGETED_DEVICE_FAMILY = "1,2";
			};
			name = Debug;
		};
		4BAB546E20BBCF0B00455464 /* Release */ = {
			isa = XCBuildConfiguration;
			buildSettings = {
				ASSETCATALOG_COMPILER_APPICON_NAME = AppIcon;
				CODE_SIGN_STYLE = Automatic;
				DEVELOPMENT_TEAM = J3FQ9YEGF3;
				INFOPLIST_FILE = FoodTracker/Info.plist;
				LD_RUNPATH_SEARCH_PATHS = (
					"$(inherited)",
					"@executable_path/Frameworks",
				);
				PRODUCT_BUNDLE_IDENTIFIER = "com-andrew.FoodTracker";
				PRODUCT_NAME = "$(TARGET_NAME)";
				SWIFT_VERSION = 4.0;
				TARGETED_DEVICE_FAMILY = "1,2";
			};
			name = Release;
		};
		4BAB547020BBCF0B00455464 /* Debug */ = {
			isa = XCBuildConfiguration;
			buildSettings = {
				ALWAYS_EMBED_SWIFT_STANDARD_LIBRARIES = YES;
				BUNDLE_LOADER = "$(TEST_HOST)";
				CODE_SIGN_STYLE = Automatic;
				INFOPLIST_FILE = FoodTrackerTests/Info.plist;
				LD_RUNPATH_SEARCH_PATHS = (
					"$(inherited)",
					"@executable_path/Frameworks",
					"@loader_path/Frameworks",
				);
				PRODUCT_BUNDLE_IDENTIFIER = "com-andrew.FoodTrackerTests";
				PRODUCT_NAME = "$(TARGET_NAME)";
				SWIFT_VERSION = 4.0;
				TARGETED_DEVICE_FAMILY = "1,2";
				TEST_HOST = "$(BUILT_PRODUCTS_DIR)/FoodTracker.app/FoodTracker";
			};
			name = Debug;
		};
		4BAB547120BBCF0B00455464 /* Release */ = {
			isa = XCBuildConfiguration;
			buildSettings = {
				ALWAYS_EMBED_SWIFT_STANDARD_LIBRARIES = YES;
				BUNDLE_LOADER = "$(TEST_HOST)";
				CODE_SIGN_STYLE = Automatic;
				INFOPLIST_FILE = FoodTrackerTests/Info.plist;
				LD_RUNPATH_SEARCH_PATHS = (
					"$(inherited)",
					"@executable_path/Frameworks",
					"@loader_path/Frameworks",
				);
				PRODUCT_BUNDLE_IDENTIFIER = "com-andrew.FoodTrackerTests";
				PRODUCT_NAME = "$(TARGET_NAME)";
				SWIFT_VERSION = 4.0;
				TARGETED_DEVICE_FAMILY = "1,2";
				TEST_HOST = "$(BUILT_PRODUCTS_DIR)/FoodTracker.app/FoodTracker";
			};
			name = Release;
		};
		4BAB547320BBCF0B00455464 /* Debug */ = {
			isa = XCBuildConfiguration;
			buildSettings = {
				ALWAYS_EMBED_SWIFT_STANDARD_LIBRARIES = YES;
				CODE_SIGN_STYLE = Automatic;
				INFOPLIST_FILE = FoodTrackerUITests/Info.plist;
				LD_RUNPATH_SEARCH_PATHS = (
					"$(inherited)",
					"@executable_path/Frameworks",
					"@loader_path/Frameworks",
				);
				PRODUCT_BUNDLE_IDENTIFIER = "com-andrew.FoodTrackerUITests";
				PRODUCT_NAME = "$(TARGET_NAME)";
				SWIFT_VERSION = 4.0;
				TARGETED_DEVICE_FAMILY = "1,2";
				TEST_TARGET_NAME = FoodTracker;
			};
			name = Debug;
		};
		4BAB547420BBCF0B00455464 /* Release */ = {
			isa = XCBuildConfiguration;
			buildSettings = {
				ALWAYS_EMBED_SWIFT_STANDARD_LIBRARIES = YES;
				CODE_SIGN_STYLE = Automatic;
				INFOPLIST_FILE = FoodTrackerUITests/Info.plist;
				LD_RUNPATH_SEARCH_PATHS = (
					"$(inherited)",
					"@executable_path/Frameworks",
					"@loader_path/Frameworks",
				);
				PRODUCT_BUNDLE_IDENTIFIER = "com-andrew.FoodTrackerUITests";
				PRODUCT_NAME = "$(TARGET_NAME)";
				SWIFT_VERSION = 4.0;
				TARGETED_DEVICE_FAMILY = "1,2";
				TEST_TARGET_NAME = FoodTracker;
			};
			name = Release;
		};
/* End XCBuildConfiguration section */

/* Begin XCConfigurationList section */
		4BAB543F20BBCF0900455464 /* Build configuration list for PBXProject "FoodTracker" */ = {
			isa = XCConfigurationList;
			buildConfigurations = (
				4BAB546A20BBCF0B00455464 /* Debug */,
				4BAB546B20BBCF0B00455464 /* Release */,
			);
			defaultConfigurationIsVisible = 0;
			defaultConfigurationName = Release;
		};
		4BAB546C20BBCF0B00455464 /* Build configuration list for PBXNativeTarget "FoodTracker" */ = {
			isa = XCConfigurationList;
			buildConfigurations = (
				4BAB546D20BBCF0B00455464 /* Debug */,
				4BAB546E20BBCF0B00455464 /* Release */,
			);
			defaultConfigurationIsVisible = 0;
			defaultConfigurationName = Release;
		};
		4BAB546F20BBCF0B00455464 /* Build configuration list for PBXNativeTarget "FoodTrackerTests" */ = {
			isa = XCConfigurationList;
			buildConfigurations = (
				4BAB547020BBCF0B00455464 /* Debug */,
				4BAB547120BBCF0B00455464 /* Release */,
			);
			defaultConfigurationIsVisible = 0;
			defaultConfigurationName = Release;
		};
		4BAB547220BBCF0B00455464 /* Build configuration list for PBXNativeTarget "FoodTrackerUITests" */ = {
			isa = XCConfigurationList;
			buildConfigurations = (
				4BAB547320BBCF0B00455464 /* Debug */,
				4BAB547420BBCF0B00455464 /* Release */,
			);
			defaultConfigurationIsVisible = 0;
			defaultConfigurationName = Release;
		};
/* End XCConfigurationList section */
	};
	rootObject = 4BAB543C20BBCF0900455464 /* Project object */;
}
